
Microsoft Visual Studio Solution File, Format Version 12.00
Project("{FAE04EC0-301F-11D3-BF4B-00C04F79EFBC}") = "RMMServiceWeb", "RMMServiceWeb\RMMServiceWeb.csproj", "{24008650-7655-4C72-9265-07B6BF9D0E9A}"
EndProject
Project("{FAE04EC0-301F-11D3-BF4B-00C04F79EFBC}") = "RMMServiceTests", "RMMServiceTests\RMMServiceTests.csproj", "{6A96E741-DD78-4BB6-BBB0-3D718D84C862}"
EndProject
Global
	GlobalSection(SolutionConfigurationPlatforms) = preSolution
		Debug|Any CPU = Debug|Any CPU
		Release|Any CPU = Release|Any CPU
	EndGlobalSection
	GlobalSection(ProjectConfigurationPlatforms) = postSolution
		{24008650-7655-4C72-9265-07B6BF9D0E9A}.Debug|Any CPU.ActiveCfg = Debug|Any CPU
		{24008650-7655-4C72-9265-07B6BF9D0E9A}.Debug|Any CPU.Build.0 = Debug|Any CPU
		{24008650-7655-4C72-9265-07B6BF9D0E9A}.Release|Any CPU.ActiveCfg = Release|Any CPU
		{24008650-7655-4C72-9265-07B6BF9D0E9A}.Release|Any CPU.Build.0 = Release|Any CPU
		{6A96E741-DD78-4BB6-BBB0-3D718D84C862}.Debug|Any CPU.ActiveCfg = Debug|Any CPU
		{6A96E741-DD78-4BB6-BBB0-3D718D84C862}.Debug|Any CPU.Build.0 = Debug|Any CPU
		{6A96E741-DD78-4BB6-BBB0-3D718D84C862}.Release|Any CPU.ActiveCfg = Release|Any CPU
		{6A96E741-DD78-4BB6-BBB0-3D718D84C862}.Release|Any CPU.Build.0 = Release|Any CPU
	EndGlobalSection
EndGlobal
